// !$*UTF8*$!
{
	archiveVersion = 1;
	classes = {
	};
	objectVersion = 51;
	objects = {

/* Begin PBXBuildFile section */
		2B70749E256A6C89008AB70A /* AppDelegate.swift in Sources */ = {isa = PBXBuildFile; fileRef = 2B70749D256A6C89008AB70A /* AppDelegate.swift */; };
		2B7074A0256A6C89008AB70A /* SceneDelegate.swift in Sources */ = {isa = PBXBuildFile; fileRef = 2B70749F256A6C89008AB70A /* SceneDelegate.swift */; };
		2B7074A7256A6C8B008AB70A /* Assets.xcassets in Resources */ = {isa = PBXBuildFile; fileRef = 2B7074A6256A6C8B008AB70A /* Assets.xcassets */; };
		2B7074AA256A6C8B008AB70A /* LaunchScreen.storyboard in Resources */ = {isa = PBXBuildFile; fileRef = 2B7074A8256A6C8B008AB70A /* LaunchScreen.storyboard */; };
		2B7074B9256A6D90008AB70A /* ToDoController.swift in Sources */ = {isa = PBXBuildFile; fileRef = 2B7074B8256A6D90008AB70A /* ToDoController.swift */; };
		2BEEA6A9256A703E004D861C /* Extensions.swift in Sources */ = {isa = PBXBuildFile; fileRef = 2BEEA6A8256A703E004D861C /* Extensions.swift */; };
		2BEEA6AC256A71EC004D861C /* Constants.swift in Sources */ = {isa = PBXBuildFile; fileRef = 2BEEA6AB256A71EC004D861C /* Constants.swift */; };
		2C8F5C6CC82B91A2804DBF18 /* Pods_RxSwift_ToDo_List.framework in Frameworks */ = {isa = PBXBuildFile; fileRef = 06DA0C4BC39B3CDC8BDFA165 /* Pods_RxSwift_ToDo_List.framework */; };
/* End PBXBuildFile section */

/* Begin PBXFileReference section */
		06DA0C4BC39B3CDC8BDFA165 /* Pods_RxSwift_ToDo_List.framework */ = {isa = PBXFileReference; explicitFileType = wrapper.framework; includeInIndex = 0; path = Pods_RxSwift_ToDo_List.framework; sourceTree = BUILT_PRODUCTS_DIR; };
		1E3C3155F4CA37EA07B4C8E8 /* Pods-RxSwift-ToDo-List.release.xcconfig */ = {isa = PBXFileReference; includeInIndex = 1; lastKnownFileType = text.xcconfig; name = "Pods-RxSwift-ToDo-List.release.xcconfig"; path = "Target Support Files/Pods-RxSwift-ToDo-List/Pods-RxSwift-ToDo-List.release.xcconfig"; sourceTree = "<group>"; };
		2B70749A256A6C89008AB70A /* RxSwift-ToDo-List.app */ = {isa = PBXFileReference; explicitFileType = wrapper.application; includeInIndex = 0; path = "RxSwift-ToDo-List.app"; sourceTree = BUILT_PRODUCTS_DIR; };
		2B70749D256A6C89008AB70A /* AppDelegate.swift */ = {isa = PBXFileReference; lastKnownFileType = sourcecode.swift; path = AppDelegate.swift; sourceTree = "<group>"; };
		2B70749F256A6C89008AB70A /* SceneDelegate.swift */ = {isa = PBXFileReference; lastKnownFileType = sourcecode.swift; path = SceneDelegate.swift; sourceTree = "<group>"; };
		2B7074A6256A6C8B008AB70A /* Assets.xcassets */ = {isa = PBXFileReference; lastKnownFileType = folder.assetcatalog; path = Assets.xcassets; sourceTree = "<group>"; };
		2B7074A9256A6C8B008AB70A /* Base */ = {isa = PBXFileReference; lastKnownFileType = file.storyboard; name = Base; path = Base.lproj/LaunchScreen.storyboard; sourceTree = "<group>"; };
		2B7074AB256A6C8B008AB70A /* Info.plist */ = {isa = PBXFileReference; lastKnownFileType = text.plist.xml; path = Info.plist; sourceTree = "<group>"; };
		2B7074B8256A6D90008AB70A /* ToDoController.swift */ = {isa = PBXFileReference; lastKnownFileType = sourcecode.swift; path = ToDoController.swift; sourceTree = "<group>"; };
		2BEEA6A8256A703E004D861C /* Extensions.swift */ = {isa = PBXFileReference; lastKnownFileType = sourcecode.swift; path = Extensions.swift; sourceTree = "<group>"; };
		2BEEA6AB256A71EC004D861C /* Constants.swift */ = {isa = PBXFileReference; lastKnownFileType = sourcecode.swift; path = Constants.swift; sourceTree = "<group>"; };
		49B9929154AFAD38481469A7 /* Pods-RxSwift-ToDo-List.debug.xcconfig */ = {isa = PBXFileReference; includeInIndex = 1; lastKnownFileType = text.xcconfig; name = "Pods-RxSwift-ToDo-List.debug.xcconfig"; path = "Target Support Files/Pods-RxSwift-ToDo-List/Pods-RxSwift-ToDo-List.debug.xcconfig"; sourceTree = "<group>"; };
/* End PBXFileReference section */

/* Begin PBXFrameworksBuildPhase section */
		2B707497256A6C89008AB70A /* Frameworks */ = {
			isa = PBXFrameworksBuildPhase;
			buildActionMask = 2147483647;
			files = (
				2C8F5C6CC82B91A2804DBF18 /* Pods_RxSwift_ToDo_List.framework in Frameworks */,
			);
			runOnlyForDeploymentPostprocessing = 0;
		};
/* End PBXFrameworksBuildPhase section */

/* Begin PBXGroup section */
		063C54E45CFBCB4BA9C44E28 /* Pods */ = {
			isa = PBXGroup;
			children = (
				49B9929154AFAD38481469A7 /* Pods-RxSwift-ToDo-List.debug.xcconfig */,
				1E3C3155F4CA37EA07B4C8E8 /* Pods-RxSwift-ToDo-List.release.xcconfig */,
			);
			path = Pods;
			sourceTree = "<group>";
		};
		2B707491256A6C89008AB70A = {
			isa = PBXGroup;
			children = (
				2B70749C256A6C89008AB70A /* RxSwift-ToDo-List */,
				2B70749B256A6C89008AB70A /* Products */,
				063C54E45CFBCB4BA9C44E28 /* Pods */,
				B780738DAC57422909D230B6 /* Frameworks */,
			);
			sourceTree = "<group>";
		};
		2B70749B256A6C89008AB70A /* Products */ = {
			isa = PBXGroup;
			children = (
				2B70749A256A6C89008AB70A /* RxSwift-ToDo-List.app */,
			);
			name = Products;
			sourceTree = "<group>";
		};
		2B70749C256A6C89008AB70A /* RxSwift-ToDo-List */ = {
			isa = PBXGroup;
			children = (
				2B70749D256A6C89008AB70A /* AppDelegate.swift */,
				2B70749F256A6C89008AB70A /* SceneDelegate.swift */,
				2B7074B8256A6D90008AB70A /* ToDoController.swift */,
				2BEEA6A8256A703E004D861C /* Extensions.swift */,
				2BEEA6AB256A71EC004D861C /* Constants.swift */,
				2B7074A6256A6C8B008AB70A /* Assets.xcassets */,
				2B7074A8256A6C8B008AB70A /* LaunchScreen.storyboard */,
				2B7074AB256A6C8B008AB70A /* Info.plist */,
			);
			path = "RxSwift-ToDo-List";
			sourceTree = "<group>";
		};
		B780738DAC57422909D230B6 /* Frameworks */ = {
			isa = PBXGroup;
			children = (
				06DA0C4BC39B3CDC8BDFA165 /* Pods_RxSwift_ToDo_List.framework */,
			);
			name = Frameworks;
			sourceTree = "<group>";
		};
/* End PBXGroup section */

/* Begin PBXNativeTarget section */
		2B707499256A6C89008AB70A /* RxSwift-ToDo-List */ = {
			isa = PBXNativeTarget;
			buildConfigurationList = 2B7074AE256A6C8B008AB70A /* Build configuration list for PBXNativeTarget "RxSwift-ToDo-List" */;
			buildPhases = (
				33DE3D23E1874D43E48A2859 /* [CP] Check Pods Manifest.lock */,
				2B707496256A6C89008AB70A /* Sources */,
				2B707497256A6C89008AB70A /* Frameworks */,
				2B707498256A6C89008AB70A /* Resources */,
				A739A3DE9BDD721F8D507D90 /* [CP] Embed Pods Frameworks */,
			);
			buildRules = (
			);
			dependencies = (
			);
			name = "RxSwift-ToDo-List";
			productName = "RxSwift-ToDo-List";
			productReference = 2B70749A256A6C89008AB70A /* RxSwift-ToDo-List.app */;
			productType = "com.apple.product-type.application";
		};
/* End PBXNativeTarget section */

/* Begin PBXProject section */
		2B707492256A6C89008AB70A /* Project object */ = {
			isa = PBXProject;
			attributes = {
				LastSwiftUpdateCheck = 1200;
				LastUpgradeCheck = 1200;
				TargetAttributes = {
					2B707499256A6C89008AB70A = {
						CreatedOnToolsVersion = 12.0.1;
					};
				};
			};
			buildConfigurationList = 2B707495256A6C89008AB70A /* Build configuration list for PBXProject "RxSwift-ToDo-List" */;
			compatibilityVersion = "Xcode 9.3";
			developmentRegion = en;
			hasScannedForEncodings = 0;
			knownRegions = (
				en,
				Base,
			);
			mainGroup = 2B707491256A6C89008AB70A;
			productRefGroup = 2B70749B256A6C89008AB70A /* Products */;
			projectDirPath = "";
			projectRoot = "";
			targets = (
				2B707499256A6C89008AB70A /* RxSwift-ToDo-List */,
			);
		};
/* End PBXProject section */

/* Begin PBXResourcesBuildPhase section */
		2B707498256A6C89008AB70A /* Resources */ = {
			isa = PBXResourcesBuildPhase;
			buildActionMask = 2147483647;
			files = (
				2B7074AA256A6C8B008AB70A /* LaunchScreen.storyboard in Resources */,
				2B7074A7256A6C8B008AB70A /* Assets.xcassets in Resources */,
			);
			runOnlyForDeploymentPostprocessing = 0;
		};
/* End PBXResourcesBuildPhase section */

/* Begin PBXShellScriptBuildPhase section */
		33DE3D23E1874D43E48A2859 /* [CP] Check Pods Manifest.lock */ = {
			isa = PBXShellScriptBuildPhase;
			buildActionMask = 2147483647;
			files = (
			);
			inputFileListPaths = (
			);
			inputPaths = (
				"${PODS_PODFILE_DIR_PATH}/Podfile.lock",
				"${PODS_ROOT}/Manifest.lock",
			);
			name = "[CP] Check Pods Manifest.lock";
			outputFileListPaths = (
			);
			outputPaths = (
				"$(DERIVED_FILE_DIR)/Pods-RxSwift-ToDo-List-checkManifestLockResult.txt",
			);
			runOnlyForDeploymentPostprocessing = 0;
			shellPath = /bin/sh;
			shellScript = "diff \"${PODS_PODFILE_DIR_PATH}/Podfile.lock\" \"${PODS_ROOT}/Manifest.lock\" > /dev/null\nif [ $? != 0 ] ; then\n    # print error to STDERR\n    echo \"error: The sandbox is not in sync with the Podfile.lock. Run 'pod install' or update your CocoaPods installation.\" >&2\n    exit 1\nfi\n# This output is used by Xcode 'outputs' to avoid re-running this script phase.\necho \"SUCCESS\" > \"${SCRIPT_OUTPUT_FILE_0}\"\n";
			showEnvVarsInLog = 0;
		};
		A739A3DE9BDD721F8D507D90 /* [CP] Embed Pods Frameworks */ = {
			isa = PBXShellScriptBuildPhase;
			buildActionMask = 2147483647;
			files = (
			);
			inputFileListPaths = (
				"${PODS_ROOT}/Target Support Files/Pods-RxSwift-ToDo-List/Pods-RxSwift-ToDo-List-frameworks-${CONFIGURATION}-input-files.xcfilelist",
			);
			name = "[CP] Embed Pods Frameworks";
			outputFileListPaths = (
				"${PODS_ROOT}/Target Support Files/Pods-RxSwift-ToDo-List/Pods-RxSwift-ToDo-List-frameworks-${CONFIGURATION}-output-files.xcfilelist",
			);
			runOnlyForDeploymentPostprocessing = 0;
			shellPath = /bin/sh;
			shellScript = "\"${PODS_ROOT}/Target Support Files/Pods-RxSwift-ToDo-List/Pods-RxSwift-ToDo-List-frameworks.sh\"\n";
			showEnvVarsInLog = 0;
		};
/* End PBXShellScriptBuildPhase section */

/* Begin PBXSourcesBuildPhase section */
		2B707496256A6C89008AB70A /* Sources */ = {
			isa = PBXSourcesBuildPhase;
			buildActionMask = 2147483647;
			files = (
				2BEEA6AC256A71EC004D861C /* Constants.swift in Sources */,
				2B70749E256A6C89008AB70A /* AppDelegate.swift in Sources */,
				2B7074A0256A6C89008AB70A /* SceneDelegate.swift in Sources */,
				2B7074B9256A6D90008AB70A /* ToDoController.swift in Sources */,
				2BEEA6A9256A703E004D861C /* Extensions.swift in Sources */,
			);
			runOnlyForDeploymentPostprocessing = 0;
		};
/* End PBXSourcesBuildPhase section */

/* Begin PBXVariantGroup section */
		2B7074A8256A6C8B008AB70A /* LaunchScreen.storyboard */ = {
			isa = PBXVariantGroup;
			children = (
				2B7074A9256A6C8B008AB70A /* Base */,
			);
			name = LaunchScreen.storyboard;
			sourceTree = "<group>";
		};
/* End PBXVariantGroup section */

/* Begin XCBuildConfiguration section */
		2B7074AC256A6C8B008AB70A /* Debug */ = {
			isa = XCBuildConfiguration;
			buildSettings = {
				ALWAYS_SEARCH_USER_PATHS = NO;
				CLANG_ANALYZER_NONNULL = YES;
				CLANG_ANALYZER_NUMBER_OBJECT_CONVERSION = YES_AGGRESSIVE;
				CLANG_CXX_LANGUAGE_STANDARD = "gnu++14";
				CLANG_CXX_LIBRARY = "libc++";
				CLANG_ENABLE_MODULES = YES;
				CLANG_ENABLE_OBJC_ARC = YES;
				CLANG_ENABLE_OBJC_WEAK = YES;
				CLANG_WARN_BLOCK_CAPTURE_AUTORELEASING = YES;
				CLANG_WARN_BOOL_CONVERSION = YES;
				CLANG_WARN_COMMA = YES;
				CLANG_WARN_CONSTANT_CONVERSION = YES;
				CLANG_WARN_DEPRECATED_OBJC_IMPLEMENTATIONS = YES;
				CLANG_WARN_DIRECT_OBJC_ISA_USAGE = YES_ERROR;
				CLANG_WARN_DOCUMENTATION_COMMENTS = YES;
				CLANG_WARN_EMPTY_BODY = YES;
				CLANG_WARN_ENUM_CONVERSION = YES;
				CLANG_WARN_INFINITE_RECURSION = YES;
				CLANG_WARN_INT_CONVERSION = YES;
				CLANG_WARN_NON_LITERAL_NULL_CONVERSION = YES;
				CLANG_WARN_OBJC_IMPLICIT_RETAIN_SELF = YES;
				CLANG_WARN_OBJC_LITERAL_CONVERSION = YES;
				CLANG_WARN_OBJC_ROOT_CLASS = YES_ERROR;
				CLANG_WARN_QUOTED_INCLUDE_IN_FRAMEWORK_HEADER = YES;
				CLANG_WARN_RANGE_LOOP_ANALYSIS = YES;
				CLANG_WARN_STRICT_PROTOTYPES = YES;
				CLANG_WARN_SUSPICIOUS_MOVE = YES;
				CLANG_WARN_UNGUARDED_AVAILABILITY = YES_AGGRESSIVE;
				CLANG_WARN_UNREACHABLE_CODE = YES;
				CLANG_WARN__DUPLICATE_METHOD_MATCH = YES;
				COPY_PHASE_STRIP = NO;
				DEBUG_INFORMATION_FORMAT = dwarf;
				ENABLE_STRICT_OBJC_MSGSEND = YES;
				ENABLE_TESTABILITY = YES;
				GCC_C_LANGUAGE_STANDARD = gnu11;
				GCC_DYNAMIC_NO_PIC = NO;
				GCC_NO_COMMON_BLOCKS = YES;
				GCC_OPTIMIZATION_LEVEL = 0;
				GCC_PREPROCESSOR_DEFINITIONS = (
					"DEBUG=1",
					"$(inherited)",
				);
				GCC_WARN_64_TO_32_BIT_CONVERSION = YES;
				GCC_WARN_ABOUT_RETURN_TYPE = YES_ERROR;
				GCC_WARN_UNDECLARED_SELECTOR = YES;
				GCC_WARN_UNINITIALIZED_AUTOS = YES_AGGRESSIVE;
				GCC_WARN_UNUSED_FUNCTION = YES;
				GCC_WARN_UNUSED_VARIABLE = YES;
				IPHONEOS_DEPLOYMENT_TARGET = 14.0;
				MTL_ENABLE_DEBUG_INFO = INCLUDE_SOURCE;
				MTL_FAST_MATH = YES;
				ONLY_ACTIVE_ARCH = YES;
				SDKROOT = iphoneos;
				SWIFT_ACTIVE_COMPILATION_CONDITIONS = DEBUG;
				SWIFT_OPTIMIZATION_LEVEL = "-Onone";
			};
			name = Debug;
		};
		2B7074AD256A6C8B008AB70A /* Release */ = {
			isa = XCBuildConfiguration;
			buildSettings = {
				ALWAYS_SEARCH_USER_PATHS = NO;
				CLANG_ANALYZER_NONNULL = YES;
				CLANG_ANALYZER_NUMBER_OBJECT_CONVERSION = YES_AGGRESSIVE;
				CLANG_CXX_LANGUAGE_STANDARD = "gnu++14";
				CLANG_CXX_LIBRARY = "libc++";
				CLANG_ENABLE_MODULES = YES;
				CLANG_ENABLE_OBJC_ARC = YES;
				CLANG_ENABLE_OBJC_WEAK = YES;
				CLANG_WARN_BLOCK_CAPTURE_AUTORELEASING = YES;
				CLANG_WARN_BOOL_CONVERSION = YES;
				CLANG_WARN_COMMA = YES;
				CLANG_WARN_CONSTANT_CONVERSION = YES;
				CLANG_WARN_DEPRECATED_OBJC_IMPLEMENTATIONS = YES;
				CLANG_WARN_DIRECT_OBJC_ISA_USAGE = YES_ERROR;
				CLANG_WARN_DOCUMENTATION_COMMENTS = YES;
				CLANG_WARN_EMPTY_BODY = YES;
				CLANG_WARN_ENUM_CONVERSION = YES;
				CLANG_WARN_INFINITE_RECURSION = YES;
				CLANG_WARN_INT_CONVERSION = YES;
				CLANG_WARN_NON_LITERAL_NULL_CONVERSION = YES;
				CLANG_WARN_OBJC_IMPLICIT_RETAIN_SELF = YES;
				CLANG_WARN_OBJC_LITERAL_CONVERSION = YES;
				CLANG_WARN_OBJC_ROOT_CLASS = YES_ERROR;
				CLANG_WARN_QUOTED_INCLUDE_IN_FRAMEWORK_HEADER = YES;
				CLANG_WARN_RANGE_LOOP_ANALYSIS = YES;
				CLANG_WARN_STRICT_PROTOTYPES = YES;
				CLANG_WARN_SUSPICIOUS_MOVE = YES;
				CLANG_WARN_UNGUARDED_AVAILABILITY = YES_AGGRESSIVE;
				CLANG_WARN_UNREACHABLE_CODE = YES;
				CLANG_WARN__DUPLICATE_METHOD_MATCH = YES;
				COPY_PHASE_STRIP = NO;
				DEBUG_INFORMATION_FORMAT = "dwarf-with-dsym";
				ENABLE_NS_ASSERTIONS = NO;
				ENABLE_STRICT_OBJC_MSGSEND = YES;
				GCC_C_LANGUAGE_STANDARD = gnu11;
				GCC_NO_COMMON_BLOCKS = YES;
				GCC_WARN_64_TO_32_BIT_CONVERSION = YES;
				GCC_WARN_ABOUT_RETURN_TYPE = YES_ERROR;
				GCC_WARN_UNDECLARED_SELECTOR = YES;
				GCC_WARN_UNINITIALIZED_AUTOS = YES_AGGRESSIVE;
				GCC_WARN_UNUSED_FUNCTION = YES;
				GCC_WARN_UNUSED_VARIABLE = YES;
				IPHONEOS_DEPLOYMENT_TARGET = 14.0;
				MTL_ENABLE_DEBUG_INFO = NO;
				MTL_FAST_MATH = YES;
				SDKROOT = iphoneos;
				SWIFT_COMPILATION_MODE = wholemodule;
				SWIFT_OPTIMIZATION_LEVEL = "-O";
				VALIDATE_PRODUCT = YES;
			};
			name = Release;
		};
		2B7074AF256A6C8B008AB70A /* Debug */ = {
			isa = XCBuildConfiguration;
			baseConfigurationReference = 49B9929154AFAD38481469A7 /* Pods-RxSwift-ToDo-List.debug.xcconfig */;
			buildSettings = {
				ASSETCATALOG_COMPILER_APPICON_NAME = AppIcon;
				ASSETCATALOG_COMPILER_GLOBAL_ACCENT_COLOR_NAME = AccentColor;
				CODE_SIGN_STYLE = Automatic;
				DEVELOPMENT_TEAM = 5ZVBFKA54H;
				INFOPLIST_FILE = "RxSwift-ToDo-List/Info.plist";
				LD_RUNPATH_SEARCH_PATHS = (
					"$(inherited)",
					"@executable_path/Frameworks",
				);
				PRODUCT_BUNDLE_IDENTIFIER = "co.mukatayev.RxSwift-ToDo-List";
				PRODUCT_NAME = "$(TARGET_NAME)";
				SWIFT_VERSION = 5.0;
				TARGETED_DEVICE_FAMILY = "1,2";
			};
			name = Debug;
		};
		2B7074B0256A6C8B008AB70A /* Release */ = {
			isa = XCBuildConfiguration;
			baseConfigurationReference = 1E3C3155F4CA37EA07B4C8E8 /* Pods-RxSwift-ToDo-List.release.xcconfig */;
			buildSettings = {
				ASSETCATALOG_COMPILER_APPICON_NAME = AppIcon;
				ASSETCATALOG_COMPILER_GLOBAL_ACCENT_COLOR_NAME = AccentColor;
				CODE_SIGN_STYLE = Automatic;
				DEVELOPMENT_TEAM = 5ZVBFKA54H;
				INFOPLIST_FILE = "RxSwift-ToDo-List/Info.plist";
				LD_RUNPATH_SEARCH_PATHS = (
					"$(inherited)",
					"@executable_path/Frameworks",
				);
				PRODUCT_BUNDLE_IDENTIFIER = "co.mukatayev.RxSwift-ToDo-List";
				PRODUCT_NAME = "$(TARGET_NAME)";
				SWIFT_VERSION = 5.0;
				TARGETED_DEVICE_FAMILY = "1,2";
			};
			name = Release;
		};
/* End XCBuildConfiguration section */

/* Begin XCConfigurationList section */
		2B707495256A6C89008AB70A /* Build configuration list for PBXProject "RxSwift-ToDo-List" */ = {
			isa = XCConfigurationList;
			buildConfigurations = (
				2B7074AC256A6C8B008AB70A /* Debug */,
				2B7074AD256A6C8B008AB70A /* Release */,
			);
			defaultConfigurationIsVisible = 0;
			defaultConfigurationName = Release;
		};
		2B7074AE256A6C8B008AB70A /* Build configuration list for PBXNativeTarget "RxSwift-ToDo-List" */ = {
			isa = XCConfigurationList;
			buildConfigurations = (
				2B7074AF256A6C8B008AB70A /* Debug */,
				2B7074B0256A6C8B008AB70A /* Release */,
			);
			defaultConfigurationIsVisible = 0;
			defaultConfigurationName = Release;
		};
/* End XCConfigurationList section */
	};
	rootObject = 2B707492256A6C89008AB70A /* Project object */;
}
